
Microsoft Visual Studio Solution File, Format Version 12.00
# Visual Studio 14
VisualStudioVersion = 14.0.25123.0
MinimumVisualStudioVersion = 10.0.40219.1
Project("{E24C65DC-7377-472B-9ABA-BC803B73C61A}") = "ElecApp", "E:\waqas\Projects\ElecApp\", "{CB4B35B4-9EE6-4703-83DE-85C5A46E9EAC}"
	ProjectSection(WebsiteProperties) = preProject
		TargetFrameworkMoniker = ".NETFramework,Version%3Dv4.6.1"
		Debug.AspNetCompiler.VirtualPath = "/localhost_1752"
		Debug.AspNetCompiler.PhysicalPath = "E:\waqas\Projects\ElecApp\"
		Debug.AspNetCompiler.TargetPath = "PrecompiledWeb\localhost_1752\"
		Debug.AspNetCompiler.Updateable = "true"
		Debug.AspNetCompiler.ForceOverwrite = "true"
		Debug.AspNetCompiler.FixedNames = "false"
		Debug.AspNetCompiler.Debug = "True"
		Release.AspNetCompiler.VirtualPath = "/localhost_1752"
		Release.AspNetCompiler.PhysicalPath = "E:\waqas\Projects\ElecApp\"
		Release.AspNetCompiler.TargetPath = "PrecompiledWeb\localhost_1752\"
		Release.AspNetCompiler.Updateable = "true"
		Release.AspNetCompiler.ForceOverwrite = "true"
		Release.AspNetCompiler.FixedNames = "false"
		Release.AspNetCompiler.Debug = "False"
		VWDPort = "1752"
		SlnRelativePath = "E:\waqas\Projects\ElecApp\"
		DefaultWebSiteLanguage = "Visual C#"
	EndProjectSection
EndProject
Global
	GlobalSection(SolutionConfigurationPlatforms) = preSolution
		Debug|Any CPU = Debug|Any CPU
	EndGlobalSection
	GlobalSection(ProjectConfigurationPlatforms) = postSolution
		{CB4B35B4-9EE6-4703-83DE-85C5A46E9EAC}.Debug|Any CPU.ActiveCfg = Debug|Any CPU
		{CB4B35B4-9EE6-4703-83DE-85C5A46E9EAC}.Debug|Any CPU.Build.0 = Debug|Any CPU
	EndGlobalSection
	GlobalSection(SolutionProperties) = preSolution
		HideSolutionNode = FALSE
	EndGlobalSection
EndGlobal
